// !$*UTF8*$!
{
	archiveVersion = 1;
	classes = {
	};
	objectVersion = 50;
	objects = {

/* Begin PBXBuildFile section */
		D67F46F2208D9B270062CFDA /* AppDelegate.swift in Sources */ = {isa = PBXBuildFile; fileRef = D67F46F1208D9B270062CFDA /* AppDelegate.swift */; };
		D67F46F4208D9B270062CFDA /* ViewController.swift in Sources */ = {isa = PBXBuildFile; fileRef = D67F46F3208D9B270062CFDA /* ViewController.swift */; };
		D67F46F7208D9B270062CFDA /* Main.storyboard in Resources */ = {isa = PBXBuildFile; fileRef = D67F46F5208D9B270062CFDA /* Main.storyboard */; };
		D67F46F9208D9B270062CFDA /* Assets.xcassets in Resources */ = {isa = PBXBuildFile; fileRef = D67F46F8208D9B270062CFDA /* Assets.xcassets */; };
		D67F46FC208D9B270062CFDA /* LaunchScreen.storyboard in Resources */ = {isa = PBXBuildFile; fileRef = D67F46FA208D9B270062CFDA /* LaunchScreen.storyboard */; };
		D67F4704208D9B310062CFDA /* AJHUD.swift in Sources */ = {isa = PBXBuildFile; fileRef = D67F4703208D9B310062CFDA /* AJHUD.swift */; };
		D67F4707208EB1F10062CFDA /* AJHUDNotice.swift in Sources */ = {isa = PBXBuildFile; fileRef = D67F4706208EB1F10062CFDA /* AJHUDNotice.swift */; };
/* End PBXBuildFile section */

/* Begin PBXFileReference section */
		D67F46EE208D9B270062CFDA /* AJHUD.app */ = {isa = PBXFileReference; explicitFileType = wrapper.application; includeInIndex = 0; path = AJHUD.app; sourceTree = BUILT_PRODUCTS_DIR; };
		D67F46F1208D9B270062CFDA /* AppDelegate.swift */ = {isa = PBXFileReference; lastKnownFileType = sourcecode.swift; path = AppDelegate.swift; sourceTree = "<group>"; };
		D67F46F3208D9B270062CFDA /* ViewController.swift */ = {isa = PBXFileReference; lastKnownFileType = sourcecode.swift; path = ViewController.swift; sourceTree = "<group>"; };
		D67F46F6208D9B270062CFDA /* Base */ = {isa = PBXFileReference; lastKnownFileType = file.storyboard; name = Base; path = Base.lproj/Main.storyboard; sourceTree = "<group>"; };
		D67F46F8208D9B270062CFDA /* Assets.xcassets */ = {isa = PBXFileReference; lastKnownFileType = folder.assetcatalog; path = Assets.xcassets; sourceTree = "<group>"; };
		D67F46FB208D9B270062CFDA /* Base */ = {isa = PBXFileReference; lastKnownFileType = file.storyboard; name = Base; path = Base.lproj/LaunchScreen.storyboard; sourceTree = "<group>"; };
		D67F46FD208D9B270062CFDA /* Info.plist */ = {isa = PBXFileReference; lastKnownFileType = text.plist.xml; path = Info.plist; sourceTree = "<group>"; };
		D67F4703208D9B310062CFDA /* AJHUD.swift */ = {isa = PBXFileReference; lastKnownFileType = sourcecode.swift; path = AJHUD.swift; sourceTree = "<group>"; };
		D67F4706208EB1F10062CFDA /* AJHUDNotice.swift */ = {isa = PBXFileReference; lastKnownFileType = sourcecode.swift; path = AJHUDNotice.swift; sourceTree = "<group>"; };
/* End PBXFileReference section */

/* Begin PBXFrameworksBuildPhase section */
		D67F46EB208D9B270062CFDA /* Frameworks */ = {
			isa = PBXFrameworksBuildPhase;
			buildActionMask = 2147483647;
			files = (
			);
			runOnlyForDeploymentPostprocessing = 0;
		};
/* End PBXFrameworksBuildPhase section */

/* Begin PBXGroup section */
		D67F46E5208D9B260062CFDA = {
			isa = PBXGroup;
			children = (
				D67F46F0208D9B270062CFDA /* AJHUD */,
				D67F46EF208D9B270062CFDA /* Products */,
			);
			sourceTree = "<group>";
		};
		D67F46EF208D9B270062CFDA /* Products */ = {
			isa = PBXGroup;
			children = (
				D67F46EE208D9B270062CFDA /* AJHUD.app */,
			);
			name = Products;
			sourceTree = "<group>";
		};
		D67F46F0208D9B270062CFDA /* AJHUD */ = {
			isa = PBXGroup;
			children = (
				D67F4703208D9B310062CFDA /* AJHUD.swift */,
				D67F4706208EB1F10062CFDA /* AJHUDNotice.swift */,
				D67F46F1208D9B270062CFDA /* AppDelegate.swift */,
				D67F46F3208D9B270062CFDA /* ViewController.swift */,
				D67F46F5208D9B270062CFDA /* Main.storyboard */,
				D67F46F8208D9B270062CFDA /* Assets.xcassets */,
				D67F46FA208D9B270062CFDA /* LaunchScreen.storyboard */,
				D67F46FD208D9B270062CFDA /* Info.plist */,
			);
			path = AJHUD;
			sourceTree = "<group>";
		};
/* End PBXGroup section */

/* Begin PBXNativeTarget section */
		D67F46ED208D9B270062CFDA /* AJHUD */ = {
			isa = PBXNativeTarget;
			buildConfigurationList = D67F4700208D9B270062CFDA /* Build configuration list for PBXNativeTarget "AJHUD" */;
			buildPhases = (
				D67F46EA208D9B270062CFDA /* Sources */,
				D67F46EB208D9B270062CFDA /* Frameworks */,
				D67F46EC208D9B270062CFDA /* Resources */,
			);
			buildRules = (
			);
			dependencies = (
			);
			name = AJHUD;
			productName = AJHUD;
			productReference = D67F46EE208D9B270062CFDA /* AJHUD.app */;
			productType = "com.apple.product-type.application";
		};
/* End PBXNativeTarget section */

/* Begin PBXProject section */
		D67F46E6208D9B260062CFDA /* Project object */ = {
			isa = PBXProject;
			attributes = {
				LastSwiftUpdateCheck = 0930;
				LastUpgradeCheck = 0930;
				ORGANIZATIONNAME = "Junliang Jiang";
				TargetAttributes = {
					D67F46ED208D9B270062CFDA = {
						CreatedOnToolsVersion = 9.3;
					};
				};
			};
			buildConfigurationList = D67F46E9208D9B260062CFDA /* Build configuration list for PBXProject "AJHUD" */;
			compatibilityVersion = "Xcode 9.3";
			developmentRegion = en;
			hasScannedForEncodings = 0;
			knownRegions = (
				en,
				Base,
			);
			mainGroup = D67F46E5208D9B260062CFDA;
			productRefGroup = D67F46EF208D9B270062CFDA /* Products */;
			projectDirPath = "";
			projectRoot = "";
			targets = (
				D67F46ED208D9B270062CFDA /* AJHUD */,
			);
		};
/* End PBXProject section */

/* Begin PBXResourcesBuildPhase section */
		D67F46EC208D9B270062CFDA /* Resources */ = {
			isa = PBXResourcesBuildPhase;
			buildActionMask = 2147483647;
			files = (
				D67F46FC208D9B270062CFDA /* LaunchScreen.storyboard in Resources */,
				D67F46F9208D9B270062CFDA /* Assets.xcassets in Resources */,
				D67F46F7208D9B270062CFDA /* Main.storyboard in Resources */,
			);
			runOnlyForDeploymentPostprocessing = 0;
		};
/* End PBXResourcesBuildPhase section */

/* Begin PBXSourcesBuildPhase section */
		D67F46EA208D9B270062CFDA /* Sources */ = {
			isa = PBXSourcesBuildPhase;
			buildActionMask = 2147483647;
			files = (
				D67F4704208D9B310062CFDA /* AJHUD.swift in Sources */,
				D67F46F4208D9B270062CFDA /* ViewController.swift in Sources */,
				D67F4707208EB1F10062CFDA /* AJHUDNotice.swift in Sources */,
				D67F46F2208D9B270062CFDA /* AppDelegate.swift in Sources */,
			);
			runOnlyForDeploymentPostprocessing = 0;
		};
/* End PBXSourcesBuildPhase section */

/* Begin PBXVariantGroup section */
		D67F46F5208D9B270062CFDA /* Main.storyboard */ = {
			isa = PBXVariantGroup;
			children = (
				D67F46F6208D9B270062CFDA /* Base */,
			);
			name = Main.storyboard;
			sourceTree = "<group>";
		};
		D67F46FA208D9B270062CFDA /* LaunchScreen.storyboard */ = {
			isa = PBXVariantGroup;
			children = (
				D67F46FB208D9B270062CFDA /* Base */,
			);
			name = LaunchScreen.storyboard;
			sourceTree = "<group>";
		};
/* End PBXVariantGroup section */

/* Begin XCBuildConfiguration section */
		D67F46FE208D9B270062CFDA /* Debug */ = {
			isa = XCBuildConfiguration;
			buildSettings = {
				ALWAYS_SEARCH_USER_PATHS = NO;
				CLANG_ANALYZER_NONNULL = YES;
				CLANG_ANALYZER_NUMBER_OBJECT_CONVERSION = YES_AGGRESSIVE;
				CLANG_CXX_LANGUAGE_STANDARD = "gnu++14";
				CLANG_CXX_LIBRARY = "libc++";
				CLANG_ENABLE_MODULES = YES;
				CLANG_ENABLE_OBJC_ARC = YES;
				CLANG_ENABLE_OBJC_WEAK = YES;
				CLANG_WARN_BLOCK_CAPTURE_AUTORELEASING = YES;
				CLANG_WARN_BOOL_CONVERSION = YES;
				CLANG_WARN_COMMA = YES;
				CLANG_WARN_CONSTANT_CONVERSION = YES;
				CLANG_WARN_DEPRECATED_OBJC_IMPLEMENTATIONS = YES;
				CLANG_WARN_DIRECT_OBJC_ISA_USAGE = YES_ERROR;
				CLANG_WARN_DOCUMENTATION_COMMENTS = YES;
				CLANG_WARN_EMPTY_BODY = YES;
				CLANG_WARN_ENUM_CONVERSION = YES;
				CLANG_WARN_INFINITE_RECURSION = YES;
				CLANG_WARN_INT_CONVERSION = YES;
				CLANG_WARN_NON_LITERAL_NULL_CONVERSION = YES;
				CLANG_WARN_OBJC_IMPLICIT_RETAIN_SELF = YES;
				CLANG_WARN_OBJC_LITERAL_CONVERSION = YES;
				CLANG_WARN_OBJC_ROOT_CLASS = YES_ERROR;
				CLANG_WARN_RANGE_LOOP_ANALYSIS = YES;
				CLANG_WARN_STRICT_PROTOTYPES = YES;
				CLANG_WARN_SUSPICIOUS_MOVE = YES;
				CLANG_WARN_UNGUARDED_AVAILABILITY = YES_AGGRESSIVE;
				CLANG_WARN_UNREACHABLE_CODE = YES;
				CLANG_WARN__DUPLICATE_METHOD_MATCH = YES;
				CODE_SIGN_IDENTITY = "iPhone Developer";
				COPY_PHASE_STRIP = NO;
				DEBUG_INFORMATION_FORMAT = dwarf;
				ENABLE_STRICT_OBJC_MSGSEND = YES;
				ENABLE_TESTABILITY = YES;
				GCC_C_LANGUAGE_STANDARD = gnu11;
				GCC_DYNAMIC_NO_PIC = NO;
				GCC_NO_COMMON_BLOCKS = YES;
				GCC_OPTIMIZATION_LEVEL = 0;
				GCC_PREPROCESSOR_DEFINITIONS = (
					"DEBUG=1",
					"$(inherited)",
				);
				GCC_WARN_64_TO_32_BIT_CONVERSION = YES;
				GCC_WARN_ABOUT_RETURN_TYPE = YES_ERROR;
				GCC_WARN_UNDECLARED_SELECTOR = YES;
				GCC_WARN_UNINITIALIZED_AUTOS = YES_AGGRESSIVE;
				GCC_WARN_UNUSED_FUNCTION = YES;
				GCC_WARN_UNUSED_VARIABLE = YES;
				IPHONEOS_DEPLOYMENT_TARGET = 11.3;
				MTL_ENABLE_DEBUG_INFO = YES;
				ONLY_ACTIVE_ARCH = YES;
				SDKROOT = iphoneos;
				SWIFT_ACTIVE_COMPILATION_CONDITIONS = DEBUG;
				SWIFT_OPTIMIZATION_LEVEL = "-Onone";
			};
			name = Debug;
		};
		D67F46FF208D9B270062CFDA /* Release */ = {
			isa = XCBuildConfiguration;
			buildSettings = {
				ALWAYS_SEARCH_USER_PATHS = NO;
				CLANG_ANALYZER_NONNULL = YES;
				CLANG_ANALYZER_NUMBER_OBJECT_CONVERSION = YES_AGGRESSIVE;
				CLANG_CXX_LANGUAGE_STANDARD = "gnu++14";
				CLANG_CXX_LIBRARY = "libc++";
				CLANG_ENABLE_MODULES = YES;
				CLANG_ENABLE_OBJC_ARC = YES;
				CLANG_ENABLE_OBJC_WEAK = YES;
				CLANG_WARN_BLOCK_CAPTURE_AUTORELEASING = YES;
				CLANG_WARN_BOOL_CONVERSION = YES;
				CLANG_WARN_COMMA = YES;
				CLANG_WARN_CONSTANT_CONVERSION = YES;
				CLANG_WARN_DEPRECATED_OBJC_IMPLEMENTATIONS = YES;
				CLANG_WARN_DIRECT_OBJC_ISA_USAGE = YES_ERROR;
				CLANG_WARN_DOCUMENTATION_COMMENTS = YES;
				CLANG_WARN_EMPTY_BODY = YES;
				CLANG_WARN_ENUM_CONVERSION = YES;
				CLANG_WARN_INFINITE_RECURSION = YES;
				CLANG_WARN_INT_CONVERSION = YES;
				CLANG_WARN_NON_LITERAL_NULL_CONVERSION = YES;
				CLANG_WARN_OBJC_IMPLICIT_RETAIN_SELF = YES;
				CLANG_WARN_OBJC_LITERAL_CONVERSION = YES;
				CLANG_WARN_OBJC_ROOT_CLASS = YES_ERROR;
				CLANG_WARN_RANGE_LOOP_ANALYSIS = YES;
				CLANG_WARN_STRICT_PROTOTYPES = YES;
				CLANG_WARN_SUSPICIOUS_MOVE = YES;
				CLANG_WARN_UNGUARDED_AVAILABILITY = YES_AGGRESSIVE;
				CLANG_WARN_UNREACHABLE_CODE = YES;
				CLANG_WARN__DUPLICATE_METHOD_MATCH = YES;
				CODE_SIGN_IDENTITY = "iPhone Developer";
				COPY_PHASE_STRIP = NO;
				DEBUG_INFORMATION_FORMAT = "dwarf-with-dsym";
				ENABLE_NS_ASSERTIONS = NO;
				ENABLE_STRICT_OBJC_MSGSEND = YES;
				GCC_C_LANGUAGE_STANDARD = gnu11;
				GCC_NO_COMMON_BLOCKS = YES;
				GCC_WARN_64_TO_32_BIT_CONVERSION = YES;
				GCC_WARN_ABOUT_RETURN_TYPE = YES_ERROR;
				GCC_WARN_UNDECLARED_SELECTOR = YES;
				GCC_WARN_UNINITIALIZED_AUTOS = YES_AGGRESSIVE;
				GCC_WARN_UNUSED_FUNCTION = YES;
				GCC_WARN_UNUSED_VARIABLE = YES;
				IPHONEOS_DEPLOYMENT_TARGET = 11.3;
				MTL_ENABLE_DEBUG_INFO = NO;
				SDKROOT = iphoneos;
				SWIFT_COMPILATION_MODE = wholemodule;
				SWIFT_OPTIMIZATION_LEVEL = "-O";
				VALIDATE_PRODUCT = YES;
			};
			name = Release;
		};
		D67F4701208D9B270062CFDA /* Debug */ = {
			isa = XCBuildConfiguration;
			buildSettings = {
				ASSETCATALOG_COMPILER_APPICON_NAME = AppIcon;
				CODE_SIGN_STYLE = Automatic;
				INFOPLIST_FILE = AJHUD/Info.plist;
				LD_RUNPATH_SEARCH_PATHS = (
					"$(inherited)",
					"@executable_path/Frameworks",
				);
				PRODUCT_BUNDLE_IDENTIFIER = io.github.pigfly.AJHUD;
				PRODUCT_NAME = "$(TARGET_NAME)";
				SWIFT_VERSION = 4.0;
				TARGETED_DEVICE_FAMILY = "1,2";
			};
			name = Debug;
		};
		D67F4702208D9B270062CFDA /* Release */ = {
			isa = XCBuildConfiguration;
			buildSettings = {
				ASSETCATALOG_COMPILER_APPICON_NAME = AppIcon;
				CODE_SIGN_STYLE = Automatic;
				INFOPLIST_FILE = AJHUD/Info.plist;
				LD_RUNPATH_SEARCH_PATHS = (
					"$(inherited)",
					"@executable_path/Frameworks",
				);
				PRODUCT_BUNDLE_IDENTIFIER = io.github.pigfly.AJHUD;
				PRODUCT_NAME = "$(TARGET_NAME)";
				SWIFT_VERSION = 4.0;
				TARGETED_DEVICE_FAMILY = "1,2";
			};
			name = Release;
		};
/* End XCBuildConfiguration section */

/* Begin XCConfigurationList section */
		D67F46E9208D9B260062CFDA /* Build configuration list for PBXProject "AJHUD" */ = {
			isa = XCConfigurationList;
			buildConfigurations = (
				D67F46FE208D9B270062CFDA /* Debug */,
				D67F46FF208D9B270062CFDA /* Release */,
			);
			defaultConfigurationIsVisible = 0;
			defaultConfigurationName = Release;
		};
		D67F4700208D9B270062CFDA /* Build configuration list for PBXNativeTarget "AJHUD" */ = {
			isa = XCConfigurationList;
			buildConfigurations = (
				D67F4701208D9B270062CFDA /* Debug */,
				D67F4702208D9B270062CFDA /* Release */,
			);
			defaultConfigurationIsVisible = 0;
			defaultConfigurationName = Release;
		};
/* End XCConfigurationList section */
	};
	rootObject = D67F46E6208D9B260062CFDA /* Project object */;
}
